
Microsoft Visual Studio Solution File, Format Version 12.00
# Visual Studio 15
VisualStudioVersion = 15.0.27004.2008
MinimumVisualStudioVersion = 10.0.40219.1
Project("{FAE04EC0-301F-11D3-BF4B-00C04F79EFBC}") = "AngularFrontEnd", "AngularFrontEnd\AngularFrontEnd.csproj", "{F71BFE79-7C53-4E88-B353-968AF18A180B}"
EndProject
Project("{9A19103F-16F7-4668-BE54-9A1E7A4F7556}") = "AspCoreBase", "AspCoreBase\AspCoreBase.csproj", "{9B2BBF20-5AF6-43FE-ABC4-4023700F4566}"
EndProject
Global
	GlobalSection(SolutionConfigurationPlatforms) = preSolution
		Debug|Any CPU = Debug|Any CPU
		Release|Any CPU = Release|Any CPU
	EndGlobalSection
	GlobalSection(ProjectConfigurationPlatforms) = postSolution
		{F71BFE79-7C53-4E88-B353-968AF18A180B}.Debug|Any CPU.ActiveCfg = Debug|Any CPU
		{F71BFE79-7C53-4E88-B353-968AF18A180B}.Debug|Any CPU.Build.0 = Debug|Any CPU
		{F71BFE79-7C53-4E88-B353-968AF18A180B}.Release|Any CPU.ActiveCfg = Release|Any CPU
		{F71BFE79-7C53-4E88-B353-968AF18A180B}.Release|Any CPU.Build.0 = Release|Any CPU
		{9B2BBF20-5AF6-43FE-ABC4-4023700F4566}.Debug|Any CPU.ActiveCfg = Debug|Any CPU
		{9B2BBF20-5AF6-43FE-ABC4-4023700F4566}.Debug|Any CPU.Build.0 = Debug|Any CPU
		{9B2BBF20-5AF6-43FE-ABC4-4023700F4566}.Release|Any CPU.ActiveCfg = Release|Any CPU
		{9B2BBF20-5AF6-43FE-ABC4-4023700F4566}.Release|Any CPU.Build.0 = Release|Any CPU
	EndGlobalSection
	GlobalSection(SolutionProperties) = preSolution
		HideSolutionNode = FALSE
	EndGlobalSection
	GlobalSection(ExtensibilityGlobals) = postSolution
		SolutionGuid = {C63C6BB9-0540-4386-84D8-43ECE1261C91}
	EndGlobalSection
EndGlobal
